// !$*UTF8*$!
{
	archiveVersion = 1;
	classes = {
	};
	objectVersion = 46;
	objects = {

/* Begin PBXBuildFile section */
		01FC7AA71D3DCC8E0046A314 /* main.m in Sources */ = {isa = PBXBuildFile; fileRef = 01FC7AA61D3DCC8E0046A314 /* main.m */; };
		01FC7AAA1D3DCC8E0046A314 /* AppDelegate.m in Sources */ = {isa = PBXBuildFile; fileRef = 01FC7AA91D3DCC8E0046A314 /* AppDelegate.m */; };
		01FC7AAD1D3DCC8E0046A314 /* ViewController.m in Sources */ = {isa = PBXBuildFile; fileRef = 01FC7AAC1D3DCC8E0046A314 /* ViewController.m */; };
		01FC7AB01D3DCC8E0046A314 /* Main.storyboard in Resources */ = {isa = PBXBuildFile; fileRef = 01FC7AAE1D3DCC8E0046A314 /* Main.storyboard */; };
		01FC7AB21D3DCC8E0046A314 /* Assets.xcassets in Resources */ = {isa = PBXBuildFile; fileRef = 01FC7AB11D3DCC8E0046A314 /* Assets.xcassets */; };
		01FC7AB51D3DCC8E0046A314 /* LaunchScreen.storyboard in Resources */ = {isa = PBXBuildFile; fileRef = 01FC7AB31D3DCC8E0046A314 /* LaunchScreen.storyboard */; };
		01FC7ABE1D3DCD6A0046A314 /* LWMultitransitionView.m in Sources */ = {isa = PBXBuildFile; fileRef = 01FC7ABD1D3DCD6A0046A314 /* LWMultitransitionView.m */; };
		01FC7AC31D3DD4E50046A314 /* 政策库0@2x.pdf in Resources */ = {isa = PBXBuildFile; fileRef = 01FC7AC11D3DD4E50046A314 /* 政策库0@2x.pdf */; };
		01FC7AE51D3DD5380046A314 /* LICENSE in Resources */ = {isa = PBXBuildFile; fileRef = 01FC7AC51D3DD5380046A314 /* LICENSE */; };
		01FC7AE61D3DD5380046A314 /* README.md in Sources */ = {isa = PBXBuildFile; fileRef = 01FC7AC61D3DD5380046A314 /* README.md */; };
		01FC7AE71D3DD5380046A314 /* NSData+ImageContentType.m in Sources */ = {isa = PBXBuildFile; fileRef = 01FC7AC91D3DD5380046A314 /* NSData+ImageContentType.m */; };
		01FC7AE81D3DD5380046A314 /* SDImageCache.m in Sources */ = {isa = PBXBuildFile; fileRef = 01FC7ACB1D3DD5380046A314 /* SDImageCache.m */; };
		01FC7AE91D3DD5380046A314 /* SDWebImageCompat.m in Sources */ = {isa = PBXBuildFile; fileRef = 01FC7ACD1D3DD5380046A314 /* SDWebImageCompat.m */; };
		01FC7AEA1D3DD5380046A314 /* SDWebImageDecoder.m in Sources */ = {isa = PBXBuildFile; fileRef = 01FC7ACF1D3DD5380046A314 /* SDWebImageDecoder.m */; };
		01FC7AEB1D3DD5380046A314 /* SDWebImageDownloader.m in Sources */ = {isa = PBXBuildFile; fileRef = 01FC7AD11D3DD5380046A314 /* SDWebImageDownloader.m */; };
		01FC7AEC1D3DD5380046A314 /* SDWebImageDownloaderOperation.m in Sources */ = {isa = PBXBuildFile; fileRef = 01FC7AD31D3DD5380046A314 /* SDWebImageDownloaderOperation.m */; };
		01FC7AED1D3DD5380046A314 /* SDWebImageManager.m in Sources */ = {isa = PBXBuildFile; fileRef = 01FC7AD51D3DD5380046A314 /* SDWebImageManager.m */; };
		01FC7AEE1D3DD5380046A314 /* SDWebImagePrefetcher.m in Sources */ = {isa = PBXBuildFile; fileRef = 01FC7AD81D3DD5380046A314 /* SDWebImagePrefetcher.m */; };
		01FC7AEF1D3DD5380046A314 /* UIButton+WebCache.m in Sources */ = {isa = PBXBuildFile; fileRef = 01FC7ADA1D3DD5380046A314 /* UIButton+WebCache.m */; };
		01FC7AF01D3DD5380046A314 /* UIImage+GIF.m in Sources */ = {isa = PBXBuildFile; fileRef = 01FC7ADC1D3DD5380046A314 /* UIImage+GIF.m */; };
		01FC7AF11D3DD5380046A314 /* UIImage+MultiFormat.m in Sources */ = {isa = PBXBuildFile; fileRef = 01FC7ADE1D3DD5380046A314 /* UIImage+MultiFormat.m */; };
		01FC7AF21D3DD5380046A314 /* UIImageView+HighlightedWebCache.m in Sources */ = {isa = PBXBuildFile; fileRef = 01FC7AE01D3DD5380046A314 /* UIImageView+HighlightedWebCache.m */; };
		01FC7AF31D3DD5380046A314 /* UIImageView+WebCache.m in Sources */ = {isa = PBXBuildFile; fileRef = 01FC7AE21D3DD5380046A314 /* UIImageView+WebCache.m */; };
		01FC7AF41D3DD5380046A314 /* UIView+WebCacheOperation.m in Sources */ = {isa = PBXBuildFile; fileRef = 01FC7AE41D3DD5380046A314 /* UIView+WebCacheOperation.m */; };
		01FC7AF61D3DD5CB0046A314 /* 透明背景.png in Resources */ = {isa = PBXBuildFile; fileRef = 01FC7AF51D3DD5CB0046A314 /* 透明背景.png */; };
		01FC7B141D3DD5EB0046A314 /* LICENSE in Resources */ = {isa = PBXBuildFile; fileRef = 01FC7AF81D3DD5EB0046A314 /* LICENSE */; };
		01FC7B151D3DD5EB0046A314 /* MASCompositeConstraint.m in Sources */ = {isa = PBXBuildFile; fileRef = 01FC7AFB1D3DD5EB0046A314 /* MASCompositeConstraint.m */; };
		01FC7B161D3DD5EB0046A314 /* MASConstraint.m in Sources */ = {isa = PBXBuildFile; fileRef = 01FC7AFE1D3DD5EB0046A314 /* MASConstraint.m */; };
		01FC7B171D3DD5EB0046A314 /* MASConstraintMaker.m in Sources */ = {isa = PBXBuildFile; fileRef = 01FC7B001D3DD5EB0046A314 /* MASConstraintMaker.m */; };
		01FC7B181D3DD5EB0046A314 /* MASLayoutConstraint.m in Sources */ = {isa = PBXBuildFile; fileRef = 01FC7B021D3DD5EB0046A314 /* MASLayoutConstraint.m */; };
		01FC7B191D3DD5EB0046A314 /* MASViewAttribute.m in Sources */ = {isa = PBXBuildFile; fileRef = 01FC7B061D3DD5EB0046A314 /* MASViewAttribute.m */; };
		01FC7B1A1D3DD5EB0046A314 /* MASViewConstraint.m in Sources */ = {isa = PBXBuildFile; fileRef = 01FC7B081D3DD5EB0046A314 /* MASViewConstraint.m */; };
		01FC7B1B1D3DD5EB0046A314 /* NSArray+MASAdditions.m in Sources */ = {isa = PBXBuildFile; fileRef = 01FC7B0A1D3DD5EB0046A314 /* NSArray+MASAdditions.m */; };
		01FC7B1C1D3DD5EB0046A314 /* NSLayoutConstraint+MASDebugAdditions.m in Sources */ = {isa = PBXBuildFile; fileRef = 01FC7B0D1D3DD5EB0046A314 /* NSLayoutConstraint+MASDebugAdditions.m */; };
		01FC7B1D1D3DD5EB0046A314 /* View+MASAdditions.m in Sources */ = {isa = PBXBuildFile; fileRef = 01FC7B0F1D3DD5EB0046A314 /* View+MASAdditions.m */; };
		01FC7B1E1D3DD5EB0046A314 /* ViewController+MASAdditions.m in Sources */ = {isa = PBXBuildFile; fileRef = 01FC7B121D3DD5EB0046A314 /* ViewController+MASAdditions.m */; };
		01FC7B1F1D3DD5EB0046A314 /* README.md in Sources */ = {isa = PBXBuildFile; fileRef = 01FC7B131D3DD5EB0046A314 /* README.md */; };
/* End PBXBuildFile section */

/* Begin PBXFileReference section */
		01FC7AA21D3DCC8E0046A314 /* 多转场图片轮播器.app */ = {isa = PBXFileReference; explicitFileType = wrapper.application; includeInIndex = 0; path = "多转场图片轮播器.app"; sourceTree = BUILT_PRODUCTS_DIR; };
		01FC7AA61D3DCC8E0046A314 /* main.m */ = {isa = PBXFileReference; lastKnownFileType = sourcecode.c.objc; path = main.m; sourceTree = "<group>"; };
		01FC7AA81D3DCC8E0046A314 /* AppDelegate.h */ = {isa = PBXFileReference; lastKnownFileType = sourcecode.c.h; path = AppDelegate.h; sourceTree = "<group>"; };
		01FC7AA91D3DCC8E0046A314 /* AppDelegate.m */ = {isa = PBXFileReference; lastKnownFileType = sourcecode.c.objc; path = AppDelegate.m; sourceTree = "<group>"; };
		01FC7AAB1D3DCC8E0046A314 /* ViewController.h */ = {isa = PBXFileReference; lastKnownFileType = sourcecode.c.h; path = ViewController.h; sourceTree = "<group>"; };
		01FC7AAC1D3DCC8E0046A314 /* ViewController.m */ = {isa = PBXFileReference; lastKnownFileType = sourcecode.c.objc; path = ViewController.m; sourceTree = "<group>"; };
		01FC7AAF1D3DCC8E0046A314 /* Base */ = {isa = PBXFileReference; lastKnownFileType = file.storyboard; name = Base; path = Base.lproj/Main.storyboard; sourceTree = "<group>"; };
		01FC7AB11D3DCC8E0046A314 /* Assets.xcassets */ = {isa = PBXFileReference; lastKnownFileType = folder.assetcatalog; path = Assets.xcassets; sourceTree = "<group>"; };
		01FC7AB41D3DCC8E0046A314 /* Base */ = {isa = PBXFileReference; lastKnownFileType = file.storyboard; name = Base; path = Base.lproj/LaunchScreen.storyboard; sourceTree = "<group>"; };
		01FC7AB61D3DCC8E0046A314 /* Info.plist */ = {isa = PBXFileReference; lastKnownFileType = text.plist.xml; path = Info.plist; sourceTree = "<group>"; };
		01FC7ABC1D3DCD6A0046A314 /* LWMultitransitionView.h */ = {isa = PBXFileReference; fileEncoding = 4; lastKnownFileType = sourcecode.c.h; name = LWMultitransitionView.h; path = "../../豆瓣学习/LWMultitransitionView.h"; sourceTree = "<group>"; };
		01FC7ABD1D3DCD6A0046A314 /* LWMultitransitionView.m */ = {isa = PBXFileReference; fileEncoding = 4; lastKnownFileType = sourcecode.c.objc; name = LWMultitransitionView.m; path = "../../豆瓣学习/LWMultitransitionView.m"; sourceTree = "<group>"; };
		01FC7AC11D3DD4E50046A314 /* 政策库0@2x.pdf */ = {isa = PBXFileReference; lastKnownFileType = image.pdf; name = "政策库0@2x.pdf"; path = "政策库0.imageset/政策库0@2x.pdf"; sourceTree = "<group>"; };
		01FC7AC51D3DD5380046A314 /* LICENSE */ = {isa = PBXFileReference; fileEncoding = 4; lastKnownFileType = text; path = LICENSE; sourceTree = "<group>"; };
		01FC7AC61D3DD5380046A314 /* README.md */ = {isa = PBXFileReference; fileEncoding = 4; lastKnownFileType = net.daringfireball.markdown; path = README.md; sourceTree = "<group>"; };
		01FC7AC81D3DD5380046A314 /* NSData+ImageContentType.h */ = {isa = PBXFileReference; fileEncoding = 4; lastKnownFileType = sourcecode.c.h; path = "NSData+ImageContentType.h"; sourceTree = "<group>"; };
		01FC7AC91D3DD5380046A314 /* NSData+ImageContentType.m */ = {isa = PBXFileReference; fileEncoding = 4; lastKnownFileType = sourcecode.c.objc; path = "NSData+ImageContentType.m"; sourceTree = "<group>"; };
		01FC7ACA1D3DD5380046A314 /* SDImageCache.h */ = {isa = PBXFileReference; fileEncoding = 4; lastKnownFileType = sourcecode.c.h; path = SDImageCache.h; sourceTree = "<group>"; };
		01FC7ACB1D3DD5380046A314 /* SDImageCache.m */ = {isa = PBXFileReference; fileEncoding = 4; lastKnownFileType = sourcecode.c.objc; path = SDImageCache.m; sourceTree = "<group>"; };
		01FC7ACC1D3DD5380046A314 /* SDWebImageCompat.h */ = {isa = PBXFileReference; fileEncoding = 4; lastKnownFileType = sourcecode.c.h; path = SDWebImageCompat.h; sourceTree = "<group>"; };
		01FC7ACD1D3DD5380046A314 /* SDWebImageCompat.m */ = {isa = PBXFileReference; fileEncoding = 4; lastKnownFileType = sourcecode.c.objc; path = SDWebImageCompat.m; sourceTree = "<group>"; };
		01FC7ACE1D3DD5380046A314 /* SDWebImageDecoder.h */ = {isa = PBXFileReference; fileEncoding = 4; lastKnownFileType = sourcecode.c.h; path = SDWebImageDecoder.h; sourceTree = "<group>"; };
		01FC7ACF1D3DD5380046A314 /* SDWebImageDecoder.m */ = {isa = PBXFileReference; fileEncoding = 4; lastKnownFileType = sourcecode.c.objc; path = SDWebImageDecoder.m; sourceTree = "<group>"; };
		01FC7AD01D3DD5380046A314 /* SDWebImageDownloader.h */ = {isa = PBXFileReference; fileEncoding = 4; lastKnownFileType = sourcecode.c.h; path = SDWebImageDownloader.h; sourceTree = "<group>"; };
		01FC7AD11D3DD5380046A314 /* SDWebImageDownloader.m */ = {isa = PBXFileReference; fileEncoding = 4; lastKnownFileType = sourcecode.c.objc; path = SDWebImageDownloader.m; sourceTree = "<group>"; };
		01FC7AD21D3DD5380046A314 /* SDWebImageDownloaderOperation.h */ = {isa = PBXFileReference; fileEncoding = 4; lastKnownFileType = sourcecode.c.h; path = SDWebImageDownloaderOperation.h; sourceTree = "<group>"; };
		01FC7AD31D3DD5380046A314 /* SDWebImageDownloaderOperation.m */ = {isa = PBXFileReference; fileEncoding = 4; lastKnownFileType = sourcecode.c.objc; path = SDWebImageDownloaderOperation.m; sourceTree = "<group>"; };
		01FC7AD41D3DD5380046A314 /* SDWebImageManager.h */ = {isa = PBXFileReference; fileEncoding = 4; lastKnownFileType = sourcecode.c.h; path = SDWebImageManager.h; sourceTree = "<group>"; };
		01FC7AD51D3DD5380046A314 /* SDWebImageManager.m */ = {isa = PBXFileReference; fileEncoding = 4; lastKnownFileType = sourcecode.c.objc; path = SDWebImageManager.m; sourceTree = "<group>"; };
		01FC7AD61D3DD5380046A314 /* SDWebImageOperation.h */ = {isa = PBXFileReference; fileEncoding = 4; lastKnownFileType = sourcecode.c.h; path = SDWebImageOperation.h; sourceTree = "<group>"; };
		01FC7AD71D3DD5380046A314 /* SDWebImagePrefetcher.h */ = {isa = PBXFileReference; fileEncoding = 4; lastKnownFileType = sourcecode.c.h; path = SDWebImagePrefetcher.h; sourceTree = "<group>"; };
		01FC7AD81D3DD5380046A314 /* SDWebImagePrefetcher.m */ = {isa = PBXFileReference; fileEncoding = 4; lastKnownFileType = sourcecode.c.objc; path = SDWebImagePrefetcher.m; sourceTree = "<group>"; };
		01FC7AD91D3DD5380046A314 /* UIButton+WebCache.h */ = {isa = PBXFileReference; fileEncoding = 4; lastKnownFileType = sourcecode.c.h; path = "UIButton+WebCache.h"; sourceTree = "<group>"; };
		01FC7ADA1D3DD5380046A314 /* UIButton+WebCache.m */ = {isa = PBXFileReference; fileEncoding = 4; lastKnownFileType = sourcecode.c.objc; path = "UIButton+WebCache.m"; sourceTree = "<group>"; };
		01FC7ADB1D3DD5380046A314 /* UIImage+GIF.h */ = {isa = PBXFileReference; fileEncoding = 4; lastKnownFileType = sourcecode.c.h; path = "UIImage+GIF.h"; sourceTree = "<group>"; };
		01FC7ADC1D3DD5380046A314 /* UIImage+GIF.m */ = {isa = PBXFileReference; fileEncoding = 4; lastKnownFileType = sourcecode.c.objc; path = "UIImage+GIF.m"; sourceTree = "<group>"; };
		01FC7ADD1D3DD5380046A314 /* UIImage+MultiFormat.h */ = {isa = PBXFileReference; fileEncoding = 4; lastKnownFileType = sourcecode.c.h; path = "UIImage+MultiFormat.h"; sourceTree = "<group>"; };
		01FC7ADE1D3DD5380046A314 /* UIImage+MultiFormat.m */ = {isa = PBXFileReference; fileEncoding = 4; lastKnownFileType = sourcecode.c.objc; path = "UIImage+MultiFormat.m"; sourceTree = "<group>"; };
		01FC7ADF1D3DD5380046A314 /* UIImageView+HighlightedWebCache.h */ = {isa = PBXFileReference; fileEncoding = 4; lastKnownFileType = sourcecode.c.h; path = "UIImageView+HighlightedWebCache.h"; sourceTree = "<group>"; };
		01FC7AE01D3DD5380046A314 /* UIImageView+HighlightedWebCache.m */ = {isa = PBXFileReference; fileEncoding = 4; lastKnownFileType = sourcecode.c.objc; path = "UIImageView+HighlightedWebCache.m"; sourceTree = "<group>"; };
		01FC7AE11D3DD5380046A314 /* UIImageView+WebCache.h */ = {isa = PBXFileReference; fileEncoding = 4; lastKnownFileType = sourcecode.c.h; path = "UIImageView+WebCache.h"; sourceTree = "<group>"; };
		01FC7AE21D3DD5380046A314 /* UIImageView+WebCache.m */ = {isa = PBXFileReference; fileEncoding = 4; lastKnownFileType = sourcecode.c.objc; path = "UIImageView+WebCache.m"; sourceTree = "<group>"; };
		01FC7AE31D3DD5380046A314 /* UIView+WebCacheOperation.h */ = {isa = PBXFileReference; fileEncoding = 4; lastKnownFileType = sourcecode.c.h; path = "UIView+WebCacheOperation.h"; sourceTree = "<group>"; };
		01FC7AE41D3DD5380046A314 /* UIView+WebCacheOperation.m */ = {isa = PBXFileReference; fileEncoding = 4; lastKnownFileType = sourcecode.c.objc; path = "UIView+WebCacheOperation.m"; sourceTree = "<group>"; };
		01FC7AF51D3DD5CB0046A314 /* 透明背景.png */ = {isa = PBXFileReference; lastKnownFileType = image.png; path = "透明背景.png"; sourceTree = "<group>"; };
		01FC7AF81D3DD5EB0046A314 /* LICENSE */ = {isa = PBXFileReference; fileEncoding = 4; lastKnownFileType = text; path = LICENSE; sourceTree = "<group>"; };
		01FC7AFA1D3DD5EB0046A314 /* MASCompositeConstraint.h */ = {isa = PBXFileReference; fileEncoding = 4; lastKnownFileType = sourcecode.c.h; path = MASCompositeConstraint.h; sourceTree = "<group>"; };
		01FC7AFB1D3DD5EB0046A314 /* MASCompositeConstraint.m */ = {isa = PBXFileReference; fileEncoding = 4; lastKnownFileType = sourcecode.c.objc; path = MASCompositeConstraint.m; sourceTree = "<group>"; };
		01FC7AFC1D3DD5EB0046A314 /* MASConstraint+Private.h */ = {isa = PBXFileReference; fileEncoding = 4; lastKnownFileType = sourcecode.c.h; path = "MASConstraint+Private.h"; sourceTree = "<group>"; };
		01FC7AFD1D3DD5EB0046A314 /* MASConstraint.h */ = {isa = PBXFileReference; fileEncoding = 4; lastKnownFileType = sourcecode.c.h; path = MASConstraint.h; sourceTree = "<group>"; };
		01FC7AFE1D3DD5EB0046A314 /* MASConstraint.m */ = {isa = PBXFileReference; fileEncoding = 4; lastKnownFileType = sourcecode.c.objc; path = MASConstraint.m; sourceTree = "<group>"; };
		01FC7AFF1D3DD5EB0046A314 /* MASConstraintMaker.h */ = {isa = PBXFileReference; fileEncoding = 4; lastKnownFileType = sourcecode.c.h; path = MASConstraintMaker.h; sourceTree = "<group>"; };
		01FC7B001D3DD5EB0046A314 /* MASConstraintMaker.m */ = {isa = PBXFileReference; fileEncoding = 4; lastKnownFileType = sourcecode.c.objc; path = MASConstraintMaker.m; sourceTree = "<group>"; };
		01FC7B011D3DD5EB0046A314 /* MASLayoutConstraint.h */ = {isa = PBXFileReference; fileEncoding = 4; lastKnownFileType = sourcecode.c.h; path = MASLayoutConstraint.h; sourceTree = "<group>"; };
		01FC7B021D3DD5EB0046A314 /* MASLayoutConstraint.m */ = {isa = PBXFileReference; fileEncoding = 4; lastKnownFileType = sourcecode.c.objc; path = MASLayoutConstraint.m; sourceTree = "<group>"; };
		01FC7B031D3DD5EB0046A314 /* Masonry.h */ = {isa = PBXFileReference; fileEncoding = 4; lastKnownFileType = sourcecode.c.h; path = Masonry.h; sourceTree = "<group>"; };
		01FC7B041D3DD5EB0046A314 /* MASUtilities.h */ = {isa = PBXFileReference; fileEncoding = 4; lastKnownFileType = sourcecode.c.h; path = MASUtilities.h; sourceTree = "<group>"; };
		01FC7B051D3DD5EB0046A314 /* MASViewAttribute.h */ = {isa = PBXFileReference; fileEncoding = 4; lastKnownFileType = sourcecode.c.h; path = MASViewAttribute.h; sourceTree = "<group>"; };
		01FC7B061D3DD5EB0046A314 /* MASViewAttribute.m */ = {isa = PBXFileReference; fileEncoding = 4; lastKnownFileType = sourcecode.c.objc; path = MASViewAttribute.m; sourceTree = "<group>"; };
		01FC7B071D3DD5EB0046A314 /* MASViewConstraint.h */ = {isa = PBXFileReference; fileEncoding = 4; lastKnownFileType = sourcecode.c.h; path = MASViewConstraint.h; sourceTree = "<group>"; };
		01FC7B081D3DD5EB0046A314 /* MASViewConstraint.m */ = {isa = PBXFileReference; fileEncoding = 4; lastKnownFileType = sourcecode.c.objc; path = MASViewConstraint.m; sourceTree = "<group>"; };
		01FC7B091D3DD5EB0046A314 /* NSArray+MASAdditions.h */ = {isa = PBXFileReference; fileEncoding = 4; lastKnownFileType = sourcecode.c.h; path = "NSArray+MASAdditions.h"; sourceTree = "<group>"; };
		01FC7B0A1D3DD5EB0046A314 /* NSArray+MASAdditions.m */ = {isa = PBXFileReference; fileEncoding = 4; lastKnownFileType = sourcecode.c.objc; path = "NSArray+MASAdditions.m"; sourceTree = "<group>"; };
		01FC7B0B1D3DD5EB0046A314 /* NSArray+MASShorthandAdditions.h */ = {isa = PBXFileReference; fileEncoding = 4; lastKnownFileType = sourcecode.c.h; path = "NSArray+MASShorthandAdditions.h"; sourceTree = "<group>"; };
		01FC7B0C1D3DD5EB0046A314 /* NSLayoutConstraint+MASDebugAdditions.h */ = {isa = PBXFileReference; fileEncoding = 4; lastKnownFileType = sourcecode.c.h; path = "NSLayoutConstraint+MASDebugAdditions.h"; sourceTree = "<group>"; };
		01FC7B0D1D3DD5EB0046A314 /* NSLayoutConstraint+MASDebugAdditions.m */ = {isa = PBXFileReference; fileEncoding = 4; lastKnownFileType = sourcecode.c.objc; path = "NSLayoutConstraint+MASDebugAdditions.m"; sourceTree = "<group>"; };
		01FC7B0E1D3DD5EB0046A314 /* View+MASAdditions.h */ = {isa = PBXFileReference; fileEncoding = 4; lastKnownFileType = sourcecode.c.h; path = "View+MASAdditions.h"; sourceTree = "<group>"; };
		01FC7B0F1D3DD5EB0046A314 /* View+MASAdditions.m */ = {isa = PBXFileReference; fileEncoding = 4; lastKnownFileType = sourcecode.c.objc; path = "View+MASAdditions.m"; sourceTree = "<group>"; };
		01FC7B101D3DD5EB0046A314 /* View+MASShorthandAdditions.h */ = {isa = PBXFileReference; fileEncoding = 4; lastKnownFileType = sourcecode.c.h; path = "View+MASShorthandAdditions.h"; sourceTree = "<group>"; };
		01FC7B111D3DD5EB0046A314 /* ViewController+MASAdditions.h */ = {isa = PBXFileReference; fileEncoding = 4; lastKnownFileType = sourcecode.c.h; path = "ViewController+MASAdditions.h"; sourceTree = "<group>"; };
		01FC7B121D3DD5EB0046A314 /* ViewController+MASAdditions.m */ = {isa = PBXFileReference; fileEncoding = 4; lastKnownFileType = sourcecode.c.objc; path = "ViewController+MASAdditions.m"; sourceTree = "<group>"; };
		01FC7B131D3DD5EB0046A314 /* README.md */ = {isa = PBXFileReference; fileEncoding = 4; lastKnownFileType = net.daringfireball.markdown; path = README.md; sourceTree = "<group>"; };
/* End PBXFileReference section */

/* Begin PBXFrameworksBuildPhase section */
		01FC7A9F1D3DCC8E0046A314 /* Frameworks */ = {
			isa = PBXFrameworksBuildPhase;
			buildActionMask = 2147483647;
			files = (
			);
			runOnlyForDeploymentPostprocessing = 0;
		};
/* End PBXFrameworksBuildPhase section */

/* Begin PBXGroup section */
		01FC7A991D3DCC8E0046A314 = {
			isa = PBXGroup;
			children = (
				01FC7AA41D3DCC8E0046A314 /* 多转场图片轮播器 */,
				01FC7AA31D3DCC8E0046A314 /* Products */,
			);
			sourceTree = "<group>";
		};
		01FC7AA31D3DCC8E0046A314 /* Products */ = {
			isa = PBXGroup;
			children = (
				01FC7AA21D3DCC8E0046A314 /* 多转场图片轮播器.app */,
			);
			name = Products;
			sourceTree = "<group>";
		};
		01FC7AA41D3DCC8E0046A314 /* 多转场图片轮播器 */ = {
			isa = PBXGroup;
			children = (
				01FC7AF71D3DD5EB0046A314 /* Masonry */,
				01FC7AC41D3DD5380046A314 /* SDWebImage */,
				01FC7AA81D3DCC8E0046A314 /* AppDelegate.h */,
				01FC7AA91D3DCC8E0046A314 /* AppDelegate.m */,
				01FC7AAB1D3DCC8E0046A314 /* ViewController.h */,
				01FC7AAC1D3DCC8E0046A314 /* ViewController.m */,
				01FC7ABC1D3DCD6A0046A314 /* LWMultitransitionView.h */,
				01FC7ABD1D3DCD6A0046A314 /* LWMultitransitionView.m */,
				01FC7AAE1D3DCC8E0046A314 /* Main.storyboard */,
				01FC7AB11D3DCC8E0046A314 /* Assets.xcassets */,
				01FC7AF51D3DD5CB0046A314 /* 透明背景.png */,
				01FC7AC11D3DD4E50046A314 /* 政策库0@2x.pdf */,
				01FC7AB31D3DCC8E0046A314 /* LaunchScreen.storyboard */,
				01FC7AB61D3DCC8E0046A314 /* Info.plist */,
				01FC7AA51D3DCC8E0046A314 /* Supporting Files */,
			);
			path = "多转场图片轮播器";
			sourceTree = "<group>";
		};
		01FC7AA51D3DCC8E0046A314 /* Supporting Files */ = {
			isa = PBXGroup;
			children = (
				01FC7AA61D3DCC8E0046A314 /* main.m */,
			);
			name = "Supporting Files";
			sourceTree = "<group>";
		};
		01FC7AC41D3DD5380046A314 /* SDWebImage */ = {
			isa = PBXGroup;
			children = (
				01FC7AC51D3DD5380046A314 /* LICENSE */,
				01FC7AC61D3DD5380046A314 /* README.md */,
				01FC7AC71D3DD5380046A314 /* SDWebImage */,
			);
			path = SDWebImage;
			sourceTree = "<group>";
		};
		01FC7AC71D3DD5380046A314 /* SDWebImage */ = {
			isa = PBXGroup;
			children = (
				01FC7AC81D3DD5380046A314 /* NSData+ImageContentType.h */,
				01FC7AC91D3DD5380046A314 /* NSData+ImageContentType.m */,
				01FC7ACA1D3DD5380046A314 /* SDImageCache.h */,
				01FC7ACB1D3DD5380046A314 /* SDImageCache.m */,
				01FC7ACC1D3DD5380046A314 /* SDWebImageCompat.h */,
				01FC7ACD1D3DD5380046A314 /* SDWebImageCompat.m */,
				01FC7ACE1D3DD5380046A314 /* SDWebImageDecoder.h */,
				01FC7ACF1D3DD5380046A314 /* SDWebImageDecoder.m */,
				01FC7AD01D3DD5380046A314 /* SDWebImageDownloader.h */,
				01FC7AD11D3DD5380046A314 /* SDWebImageDownloader.m */,
				01FC7AD21D3DD5380046A314 /* SDWebImageDownloaderOperation.h */,
				01FC7AD31D3DD5380046A314 /* SDWebImageDownloaderOperation.m */,
				01FC7AD41D3DD5380046A314 /* SDWebImageManager.h */,
				01FC7AD51D3DD5380046A314 /* SDWebImageManager.m */,
				01FC7AD61D3DD5380046A314 /* SDWebImageOperation.h */,
				01FC7AD71D3DD5380046A314 /* SDWebImagePrefetcher.h */,
				01FC7AD81D3DD5380046A314 /* SDWebImagePrefetcher.m */,
				01FC7AD91D3DD5380046A314 /* UIButton+WebCache.h */,
				01FC7ADA1D3DD5380046A314 /* UIButton+WebCache.m */,
				01FC7ADB1D3DD5380046A314 /* UIImage+GIF.h */,
				01FC7ADC1D3DD5380046A314 /* UIImage+GIF.m */,
				01FC7ADD1D3DD5380046A314 /* UIImage+MultiFormat.h */,
				01FC7ADE1D3DD5380046A314 /* UIImage+MultiFormat.m */,
				01FC7ADF1D3DD5380046A314 /* UIImageView+HighlightedWebCache.h */,
				01FC7AE01D3DD5380046A314 /* UIImageView+HighlightedWebCache.m */,
				01FC7AE11D3DD5380046A314 /* UIImageView+WebCache.h */,
				01FC7AE21D3DD5380046A314 /* UIImageView+WebCache.m */,
				01FC7AE31D3DD5380046A314 /* UIView+WebCacheOperation.h */,
				01FC7AE41D3DD5380046A314 /* UIView+WebCacheOperation.m */,
			);
			path = SDWebImage;
			sourceTree = "<group>";
		};
		01FC7AF71D3DD5EB0046A314 /* Masonry */ = {
			isa = PBXGroup;
			children = (
				01FC7AF81D3DD5EB0046A314 /* LICENSE */,
				01FC7AF91D3DD5EB0046A314 /* Masonry */,
				01FC7B131D3DD5EB0046A314 /* README.md */,
			);
			path = Masonry;
			sourceTree = "<group>";
		};
		01FC7AF91D3DD5EB0046A314 /* Masonry */ = {
			isa = PBXGroup;
			children = (
				01FC7AFA1D3DD5EB0046A314 /* MASCompositeConstraint.h */,
				01FC7AFB1D3DD5EB0046A314 /* MASCompositeConstraint.m */,
				01FC7AFC1D3DD5EB0046A314 /* MASConstraint+Private.h */,
				01FC7AFD1D3DD5EB0046A314 /* MASConstraint.h */,
				01FC7AFE1D3DD5EB0046A314 /* MASConstraint.m */,
				01FC7AFF1D3DD5EB0046A314 /* MASConstraintMaker.h */,
				01FC7B001D3DD5EB0046A314 /* MASConstraintMaker.m */,
				01FC7B011D3DD5EB0046A314 /* MASLayoutConstraint.h */,
				01FC7B021D3DD5EB0046A314 /* MASLayoutConstraint.m */,
				01FC7B031D3DD5EB0046A314 /* Masonry.h */,
				01FC7B041D3DD5EB0046A314 /* MASUtilities.h */,
				01FC7B051D3DD5EB0046A314 /* MASViewAttribute.h */,
				01FC7B061D3DD5EB0046A314 /* MASViewAttribute.m */,
				01FC7B071D3DD5EB0046A314 /* MASViewConstraint.h */,
				01FC7B081D3DD5EB0046A314 /* MASViewConstraint.m */,
				01FC7B091D3DD5EB0046A314 /* NSArray+MASAdditions.h */,
				01FC7B0A1D3DD5EB0046A314 /* NSArray+MASAdditions.m */,
				01FC7B0B1D3DD5EB0046A314 /* NSArray+MASShorthandAdditions.h */,
				01FC7B0C1D3DD5EB0046A314 /* NSLayoutConstraint+MASDebugAdditions.h */,
				01FC7B0D1D3DD5EB0046A314 /* NSLayoutConstraint+MASDebugAdditions.m */,
				01FC7B0E1D3DD5EB0046A314 /* View+MASAdditions.h */,
				01FC7B0F1D3DD5EB0046A314 /* View+MASAdditions.m */,
				01FC7B101D3DD5EB0046A314 /* View+MASShorthandAdditions.h */,
				01FC7B111D3DD5EB0046A314 /* ViewController+MASAdditions.h */,
				01FC7B121D3DD5EB0046A314 /* ViewController+MASAdditions.m */,
			);
			path = Masonry;
			sourceTree = "<group>";
		};
/* End PBXGroup section */

/* Begin PBXNativeTarget section */
		01FC7AA11D3DCC8E0046A314 /* 多转场图片轮播器 */ = {
			isa = PBXNativeTarget;
			buildConfigurationList = 01FC7AB91D3DCC8E0046A314 /* Build configuration list for PBXNativeTarget "多转场图片轮播器" */;
			buildPhases = (
				01FC7A9E1D3DCC8E0046A314 /* Sources */,
				01FC7A9F1D3DCC8E0046A314 /* Frameworks */,
				01FC7AA01D3DCC8E0046A314 /* Resources */,
			);
			buildRules = (
			);
			dependencies = (
			);
			name = "多转场图片轮播器";
			productName = "多转场图片轮播器";
			productReference = 01FC7AA21D3DCC8E0046A314 /* 多转场图片轮播器.app */;
			productType = "com.apple.product-type.application";
		};
/* End PBXNativeTarget section */

/* Begin PBXProject section */
		01FC7A9A1D3DCC8E0046A314 /* Project object */ = {
			isa = PBXProject;
			attributes = {
				LastUpgradeCheck = 0730;
				ORGANIZATIONNAME = "刘伟";
				TargetAttributes = {
					01FC7AA11D3DCC8E0046A314 = {
						CreatedOnToolsVersion = 7.3;
						DevelopmentTeam = J75QZ2KF3L;
					};
				};
			};
			buildConfigurationList = 01FC7A9D1D3DCC8E0046A314 /* Build configuration list for PBXProject "多转场图片轮播器" */;
			compatibilityVersion = "Xcode 3.2";
			developmentRegion = English;
			hasScannedForEncodings = 0;
			knownRegions = (
				en,
				Base,
			);
			mainGroup = 01FC7A991D3DCC8E0046A314;
			productRefGroup = 01FC7AA31D3DCC8E0046A314 /* Products */;
			projectDirPath = "";
			projectRoot = "";
			targets = (
				01FC7AA11D3DCC8E0046A314 /* 多转场图片轮播器 */,
			);
		};
/* End PBXProject section */

/* Begin PBXResourcesBuildPhase section */
		01FC7AA01D3DCC8E0046A314 /* Resources */ = {
			isa = PBXResourcesBuildPhase;
			buildActionMask = 2147483647;
			files = (
				01FC7AB51D3DCC8E0046A314 /* LaunchScreen.storyboard in Resources */,
				01FC7AB21D3DCC8E0046A314 /* Assets.xcassets in Resources */,
				01FC7AC31D3DD4E50046A314 /* 政策库0@2x.pdf in Resources */,
				01FC7B141D3DD5EB0046A314 /* LICENSE in Resources */,
				01FC7AB01D3DCC8E0046A314 /* Main.storyboard in Resources */,
				01FC7AE51D3DD5380046A314 /* LICENSE in Resources */,
				01FC7AF61D3DD5CB0046A314 /* 透明背景.png in Resources */,
			);
			runOnlyForDeploymentPostprocessing = 0;
		};
/* End PBXResourcesBuildPhase section */

/* Begin PBXSourcesBuildPhase section */
		01FC7A9E1D3DCC8E0046A314 /* Sources */ = {
			isa = PBXSourcesBuildPhase;
			buildActionMask = 2147483647;
			files = (
				01FC7AF21D3DD5380046A314 /* UIImageView+HighlightedWebCache.m in Sources */,
				01FC7AF11D3DD5380046A314 /* UIImage+MultiFormat.m in Sources */,
				01FC7B1B1D3DD5EB0046A314 /* NSArray+MASAdditions.m in Sources */,
				01FC7AEC1D3DD5380046A314 /* SDWebImageDownloaderOperation.m in Sources */,
				01FC7AAD1D3DCC8E0046A314 /* ViewController.m in Sources */,
				01FC7B151D3DD5EB0046A314 /* MASCompositeConstraint.m in Sources */,
				01FC7B191D3DD5EB0046A314 /* MASViewAttribute.m in Sources */,
				01FC7B161D3DD5EB0046A314 /* MASConstraint.m in Sources */,
				01FC7AE91D3DD5380046A314 /* SDWebImageCompat.m in Sources */,
				01FC7AF41D3DD5380046A314 /* UIView+WebCacheOperation.m in Sources */,
				01FC7AF01D3DD5380046A314 /* UIImage+GIF.m in Sources */,
				01FC7B1C1D3DD5EB0046A314 /* NSLayoutConstraint+MASDebugAdditions.m in Sources */,
				01FC7B1F1D3DD5EB0046A314 /* README.md in Sources */,
				01FC7B171D3DD5EB0046A314 /* MASConstraintMaker.m in Sources */,
				01FC7AEE1D3DD5380046A314 /* SDWebImagePrefetcher.m in Sources */,
				01FC7AAA1D3DCC8E0046A314 /* AppDelegate.m in Sources */,
				01FC7B181D3DD5EB0046A314 /* MASLayoutConstraint.m in Sources */,
				01FC7AE61D3DD5380046A314 /* README.md in Sources */,
				01FC7B1A1D3DD5EB0046A314 /* MASViewConstraint.m in Sources */,
				01FC7AEB1D3DD5380046A314 /* SDWebImageDownloader.m in Sources */,
				01FC7AEF1D3DD5380046A314 /* UIButton+WebCache.m in Sources */,
				01FC7B1D1D3DD5EB0046A314 /* View+MASAdditions.m in Sources */,
				01FC7ABE1D3DCD6A0046A314 /* LWMultitransitionView.m in Sources */,
				01FC7AE71D3DD5380046A314 /* NSData+ImageContentType.m in Sources */,
				01FC7AA71D3DCC8E0046A314 /* main.m in Sources */,
				01FC7AF31D3DD5380046A314 /* UIImageView+WebCache.m in Sources */,
				01FC7B1E1D3DD5EB0046A314 /* ViewController+MASAdditions.m in Sources */,
				01FC7AED1D3DD5380046A314 /* SDWebImageManager.m in Sources */,
				01FC7AEA1D3DD5380046A314 /* SDWebImageDecoder.m in Sources */,
				01FC7AE81D3DD5380046A314 /* SDImageCache.m in Sources */,
			);
			runOnlyForDeploymentPostprocessing = 0;
		};
/* End PBXSourcesBuildPhase section */

/* Begin PBXVariantGroup section */
		01FC7AAE1D3DCC8E0046A314 /* Main.storyboard */ = {
			isa = PBXVariantGroup;
			children = (
				01FC7AAF1D3DCC8E0046A314 /* Base */,
			);
			name = Main.storyboard;
			sourceTree = "<group>";
		};
		01FC7AB31D3DCC8E0046A314 /* LaunchScreen.storyboard */ = {
			isa = PBXVariantGroup;
			children = (
				01FC7AB41D3DCC8E0046A314 /* Base */,
			);
			name = LaunchScreen.storyboard;
			sourceTree = "<group>";
		};
/* End PBXVariantGroup section */

/* Begin XCBuildConfiguration section */
		01FC7AB71D3DCC8E0046A314 /* Debug */ = {
			isa = XCBuildConfiguration;
			buildSettings = {
				ALWAYS_SEARCH_USER_PATHS = NO;
				CLANG_ANALYZER_NONNULL = YES;
				CLANG_CXX_LANGUAGE_STANDARD = "gnu++0x";
				CLANG_CXX_LIBRARY = "libc++";
				CLANG_ENABLE_MODULES = YES;
				CLANG_ENABLE_OBJC_ARC = YES;
				CLANG_WARN_BOOL_CONVERSION = YES;
				CLANG_WARN_CONSTANT_CONVERSION = YES;
				CLANG_WARN_DIRECT_OBJC_ISA_USAGE = YES_ERROR;
				CLANG_WARN_EMPTY_BODY = YES;
				CLANG_WARN_ENUM_CONVERSION = YES;
				CLANG_WARN_INT_CONVERSION = YES;
				CLANG_WARN_OBJC_ROOT_CLASS = YES_ERROR;
				CLANG_WARN_UNREACHABLE_CODE = YES;
				CLANG_WARN__DUPLICATE_METHOD_MATCH = YES;
				"CODE_SIGN_IDENTITY[sdk=iphoneos*]" = "iPhone Developer";
				COPY_PHASE_STRIP = NO;
				DEBUG_INFORMATION_FORMAT = dwarf;
				ENABLE_STRICT_OBJC_MSGSEND = YES;
				ENABLE_TESTABILITY = YES;
				GCC_C_LANGUAGE_STANDARD = gnu99;
				GCC_DYNAMIC_NO_PIC = NO;
				GCC_NO_COMMON_BLOCKS = YES;
				GCC_OPTIMIZATION_LEVEL = 0;
				GCC_PREPROCESSOR_DEFINITIONS = (
					"DEBUG=1",
					"$(inherited)",
				);
				GCC_WARN_64_TO_32_BIT_CONVERSION = YES;
				GCC_WARN_ABOUT_RETURN_TYPE = YES_ERROR;
				GCC_WARN_UNDECLARED_SELECTOR = YES;
				GCC_WARN_UNINITIALIZED_AUTOS = YES_AGGRESSIVE;
				GCC_WARN_UNUSED_FUNCTION = YES;
				GCC_WARN_UNUSED_VARIABLE = YES;
				IPHONEOS_DEPLOYMENT_TARGET = 9.3;
				MTL_ENABLE_DEBUG_INFO = YES;
				ONLY_ACTIVE_ARCH = YES;
				SDKROOT = iphoneos;
				TARGETED_DEVICE_FAMILY = "1,2";
			};
			name = Debug;
		};
		01FC7AB81D3DCC8E0046A314 /* Release */ = {
			isa = XCBuildConfiguration;
			buildSettings = {
				ALWAYS_SEARCH_USER_PATHS = NO;
				CLANG_ANALYZER_NONNULL = YES;
				CLANG_CXX_LANGUAGE_STANDARD = "gnu++0x";
				CLANG_CXX_LIBRARY = "libc++";
				CLANG_ENABLE_MODULES = YES;
				CLANG_ENABLE_OBJC_ARC = YES;
				CLANG_WARN_BOOL_CONVERSION = YES;
				CLANG_WARN_CONSTANT_CONVERSION = YES;
				CLANG_WARN_DIRECT_OBJC_ISA_USAGE = YES_ERROR;
				CLANG_WARN_EMPTY_BODY = YES;
				CLANG_WARN_ENUM_CONVERSION = YES;
				CLANG_WARN_INT_CONVERSION = YES;
				CLANG_WARN_OBJC_ROOT_CLASS = YES_ERROR;
				CLANG_WARN_UNREACHABLE_CODE = YES;
				CLANG_WARN__DUPLICATE_METHOD_MATCH = YES;
				"CODE_SIGN_IDENTITY[sdk=iphoneos*]" = "iPhone Developer";
				COPY_PHASE_STRIP = NO;
				DEBUG_INFORMATION_FORMAT = "dwarf-with-dsym";
				ENABLE_NS_ASSERTIONS = NO;
				ENABLE_STRICT_OBJC_MSGSEND = YES;
				GCC_C_LANGUAGE_STANDARD = gnu99;
				GCC_NO_COMMON_BLOCKS = YES;
				GCC_WARN_64_TO_32_BIT_CONVERSION = YES;
				GCC_WARN_ABOUT_RETURN_TYPE = YES_ERROR;
				GCC_WARN_UNDECLARED_SELECTOR = YES;
				GCC_WARN_UNINITIALIZED_AUTOS = YES_AGGRESSIVE;
				GCC_WARN_UNUSED_FUNCTION = YES;
				GCC_WARN_UNUSED_VARIABLE = YES;
				IPHONEOS_DEPLOYMENT_TARGET = 9.3;
				MTL_ENABLE_DEBUG_INFO = NO;
				SDKROOT = iphoneos;
				TARGETED_DEVICE_FAMILY = "1,2";
				VALIDATE_PRODUCT = YES;
			};
			name = Release;
		};
		01FC7ABA1D3DCC8E0046A314 /* Debug */ = {
			isa = XCBuildConfiguration;
			buildSettings = {
				ASSETCATALOG_COMPILER_APPICON_NAME = AppIcon;
				INFOPLIST_FILE = "多转场图片轮播器/Info.plist";
				LD_RUNPATH_SEARCH_PATHS = "$(inherited) @executable_path/Frameworks";
				PRODUCT_BUNDLE_IDENTIFIER = "mac.--------";
				PRODUCT_NAME = "$(TARGET_NAME)";
			};
			name = Debug;
		};
		01FC7ABB1D3DCC8E0046A314 /* Release */ = {
			isa = XCBuildConfiguration;
			buildSettings = {
				ASSETCATALOG_COMPILER_APPICON_NAME = AppIcon;
				INFOPLIST_FILE = "多转场图片轮播器/Info.plist";
				LD_RUNPATH_SEARCH_PATHS = "$(inherited) @executable_path/Frameworks";
				PRODUCT_BUNDLE_IDENTIFIER = "mac.--------";
				PRODUCT_NAME = "$(TARGET_NAME)";
			};
			name = Release;
		};
/* End XCBuildConfiguration section */

/* Begin XCConfigurationList section */
		01FC7A9D1D3DCC8E0046A314 /* Build configuration list for PBXProject "多转场图片轮播器" */ = {
			isa = XCConfigurationList;
			buildConfigurations = (
				01FC7AB71D3DCC8E0046A314 /* Debug */,
				01FC7AB81D3DCC8E0046A314 /* Release */,
			);
			defaultConfigurationIsVisible = 0;
			defaultConfigurationName = Release;
		};
		01FC7AB91D3DCC8E0046A314 /* Build configuration list for PBXNativeTarget "多转场图片轮播器" */ = {
			isa = XCConfigurationList;
			buildConfigurations = (
				01FC7ABA1D3DCC8E0046A314 /* Debug */,
				01FC7ABB1D3DCC8E0046A314 /* Release */,
			);
			defaultConfigurationIsVisible = 0;
			defaultConfigurationName = Release;
		};
/* End XCConfigurationList section */
	};
	rootObject = 01FC7A9A1D3DCC8E0046A314 /* Project object */;
}
